// !$*UTF8*$!
{
	archiveVersion = 1;
	classes = {
	};
	objectVersion = 56;
	objects = {

/* Begin PBXBuildFile section */
		A151AF512987BE05000DA59A /* AppDelegate.swift in Sources */ = {isa = PBXBuildFile; fileRef = A151AF502987BE05000DA59A /* AppDelegate.swift */; };
		A151AF532987BE05000DA59A /* SceneDelegate.swift in Sources */ = {isa = PBXBuildFile; fileRef = A151AF522987BE05000DA59A /* SceneDelegate.swift */; };
		A151AF552987BE05000DA59A /* SingletoneViewController.swift in Sources */ = {isa = PBXBuildFile; fileRef = A151AF542987BE05000DA59A /* SingletoneViewController.swift */; };
		A151AF582987BE05000DA59A /* Main.storyboard in Resources */ = {isa = PBXBuildFile; fileRef = A151AF562987BE05000DA59A /* Main.storyboard */; };
		A151AF5A2987BE06000DA59A /* Assets.xcassets in Resources */ = {isa = PBXBuildFile; fileRef = A151AF592987BE06000DA59A /* Assets.xcassets */; };
		A151AF5D2987BE06000DA59A /* LaunchScreen.storyboard in Resources */ = {isa = PBXBuildFile; fileRef = A151AF5B2987BE06000DA59A /* LaunchScreen.storyboard */; };
		A151AF662987C794000DA59A /* AppSettings.swift in Sources */ = {isa = PBXBuildFile; fileRef = A151AF652987C794000DA59A /* AppSettings.swift */; };
		A16AD2DD29891ECA009D3265 /* ExerciseProtocol.swift in Sources */ = {isa = PBXBuildFile; fileRef = A16AD2DC29891ECA009D3265 /* ExerciseProtocol.swift */; };
		A16AD2DF298920DD009D3265 /* Jumping.swift in Sources */ = {isa = PBXBuildFile; fileRef = A16AD2DE298920DD009D3265 /* Jumping.swift */; };
		A16AD2E1298922E9009D3265 /* Squatting.swift in Sources */ = {isa = PBXBuildFile; fileRef = A16AD2E0298922E9009D3265 /* Squatting.swift */; };
		A16AD2E4298924EE009D3265 /* FactoryExercises.swift in Sources */ = {isa = PBXBuildFile; fileRef = A16AD2E3298924EE009D3265 /* FactoryExercises.swift */; };
		A16AD2E729892BBF009D3265 /* FactoryViewController.swift in Sources */ = {isa = PBXBuildFile; fileRef = A16AD2E629892BBF009D3265 /* FactoryViewController.swift */; };
		A186280129939F9A00DA2557 /* AbstractFactoryViewController.swift in Sources */ = {isa = PBXBuildFile; fileRef = A186280029939F9A00DA2557 /* AbstractFactoryViewController.swift */; };
		A18628042993A3AE00DA2557 /* ChairProtocol.swift in Sources */ = {isa = PBXBuildFile; fileRef = A18628032993A3AE00DA2557 /* ChairProtocol.swift */; };
		A18628062993A46C00DA2557 /* BedProtocol.swift in Sources */ = {isa = PBXBuildFile; fileRef = A18628052993A46C00DA2557 /* BedProtocol.swift */; };
		A18628082993A4B600DA2557 /* TableProtocol.swift in Sources */ = {isa = PBXBuildFile; fileRef = A18628072993A4B600DA2557 /* TableProtocol.swift */; };
		A186280C2993A67100DA2557 /* ChairBadroom.swift in Sources */ = {isa = PBXBuildFile; fileRef = A186280B2993A67100DA2557 /* ChairBadroom.swift */; };
		A186280E2993A72C00DA2557 /* TableBedroom.swift in Sources */ = {isa = PBXBuildFile; fileRef = A186280D2993A72C00DA2557 /* TableBedroom.swift */; };
		A18628102993A8C400DA2557 /* BedForBedroom.swift in Sources */ = {isa = PBXBuildFile; fileRef = A186280F2993A8C400DA2557 /* BedForBedroom.swift */; };
		A18628122993A93700DA2557 /* ChairKitchen.swift in Sources */ = {isa = PBXBuildFile; fileRef = A18628112993A93700DA2557 /* ChairKitchen.swift */; };
		A18628142993A96F00DA2557 /* TableKitchen.swift in Sources */ = {isa = PBXBuildFile; fileRef = A18628132993A96F00DA2557 /* TableKitchen.swift */; };
		A18628172993AB8900DA2557 /* AbstractFactoryProtocol.swift in Sources */ = {isa = PBXBuildFile; fileRef = A18628162993AB8900DA2557 /* AbstractFactoryProtocol.swift */; };
		A186281A2993AD2200DA2557 /* BedProductsFactory.swift in Sources */ = {isa = PBXBuildFile; fileRef = A18628192993AD2200DA2557 /* BedProductsFactory.swift */; };
		A186281C2993AF9B00DA2557 /* KitchenProductsFuctory.swift in Sources */ = {isa = PBXBuildFile; fileRef = A186281B2993AF9B00DA2557 /* KitchenProductsFuctory.swift */; };
		A186281E2993B02100DA2557 /* BedForKitchen.swift in Sources */ = {isa = PBXBuildFile; fileRef = A186281D2993B02100DA2557 /* BedForKitchen.swift */; };
/* End PBXBuildFile section */

/* Begin PBXFileReference section */
		A151AF4D2987BE05000DA59A /* DesignPatternsSamples.app */ = {isa = PBXFileReference; explicitFileType = wrapper.application; includeInIndex = 0; path = DesignPatternsSamples.app; sourceTree = BUILT_PRODUCTS_DIR; };
		A151AF502987BE05000DA59A /* AppDelegate.swift */ = {isa = PBXFileReference; lastKnownFileType = sourcecode.swift; path = AppDelegate.swift; sourceTree = "<group>"; };
		A151AF522987BE05000DA59A /* SceneDelegate.swift */ = {isa = PBXFileReference; lastKnownFileType = sourcecode.swift; path = SceneDelegate.swift; sourceTree = "<group>"; };
		A151AF542987BE05000DA59A /* SingletoneViewController.swift */ = {isa = PBXFileReference; lastKnownFileType = sourcecode.swift; path = SingletoneViewController.swift; sourceTree = "<group>"; };
		A151AF572987BE05000DA59A /* Base */ = {isa = PBXFileReference; lastKnownFileType = file.storyboard; name = Base; path = Base.lproj/Main.storyboard; sourceTree = "<group>"; };
		A151AF592987BE06000DA59A /* Assets.xcassets */ = {isa = PBXFileReference; lastKnownFileType = folder.assetcatalog; path = Assets.xcassets; sourceTree = "<group>"; };
		A151AF5C2987BE06000DA59A /* Base */ = {isa = PBXFileReference; lastKnownFileType = file.storyboard; name = Base; path = Base.lproj/LaunchScreen.storyboard; sourceTree = "<group>"; };
		A151AF5E2987BE06000DA59A /* Info.plist */ = {isa = PBXFileReference; lastKnownFileType = text.plist.xml; path = Info.plist; sourceTree = "<group>"; };
		A151AF652987C794000DA59A /* AppSettings.swift */ = {isa = PBXFileReference; lastKnownFileType = sourcecode.swift; path = AppSettings.swift; sourceTree = "<group>"; };
		A16AD2DC29891ECA009D3265 /* ExerciseProtocol.swift */ = {isa = PBXFileReference; lastKnownFileType = sourcecode.swift; path = ExerciseProtocol.swift; sourceTree = "<group>"; };
		A16AD2DE298920DD009D3265 /* Jumping.swift */ = {isa = PBXFileReference; lastKnownFileType = sourcecode.swift; path = Jumping.swift; sourceTree = "<group>"; };
		A16AD2E0298922E9009D3265 /* Squatting.swift */ = {isa = PBXFileReference; lastKnownFileType = sourcecode.swift; path = Squatting.swift; sourceTree = "<group>"; };
		A16AD2E3298924EE009D3265 /* FactoryExercises.swift */ = {isa = PBXFileReference; lastKnownFileType = sourcecode.swift; path = FactoryExercises.swift; sourceTree = "<group>"; };
		A16AD2E629892BBF009D3265 /* FactoryViewController.swift */ = {isa = PBXFileReference; lastKnownFileType = sourcecode.swift; path = FactoryViewController.swift; sourceTree = "<group>"; };
		A186280029939F9A00DA2557 /* AbstractFactoryViewController.swift */ = {isa = PBXFileReference; lastKnownFileType = sourcecode.swift; path = AbstractFactoryViewController.swift; sourceTree = "<group>"; };
		A18628032993A3AE00DA2557 /* ChairProtocol.swift */ = {isa = PBXFileReference; lastKnownFileType = sourcecode.swift; path = ChairProtocol.swift; sourceTree = "<group>"; };
		A18628052993A46C00DA2557 /* BedProtocol.swift */ = {isa = PBXFileReference; lastKnownFileType = sourcecode.swift; path = BedProtocol.swift; sourceTree = "<group>"; };
		A18628072993A4B600DA2557 /* TableProtocol.swift */ = {isa = PBXFileReference; lastKnownFileType = sourcecode.swift; path = TableProtocol.swift; sourceTree = "<group>"; };
		A186280B2993A67100DA2557 /* ChairBadroom.swift */ = {isa = PBXFileReference; lastKnownFileType = sourcecode.swift; path = ChairBadroom.swift; sourceTree = "<group>"; };
		A186280D2993A72C00DA2557 /* TableBedroom.swift */ = {isa = PBXFileReference; lastKnownFileType = sourcecode.swift; path = TableBedroom.swift; sourceTree = "<group>"; };
		A186280F2993A8C400DA2557 /* BedForBedroom.swift */ = {isa = PBXFileReference; lastKnownFileType = sourcecode.swift; path = BedForBedroom.swift; sourceTree = "<group>"; };
		A18628112993A93700DA2557 /* ChairKitchen.swift */ = {isa = PBXFileReference; lastKnownFileType = sourcecode.swift; path = ChairKitchen.swift; sourceTree = "<group>"; };
		A18628132993A96F00DA2557 /* TableKitchen.swift */ = {isa = PBXFileReference; lastKnownFileType = sourcecode.swift; path = TableKitchen.swift; sourceTree = "<group>"; };
		A18628162993AB8900DA2557 /* AbstractFactoryProtocol.swift */ = {isa = PBXFileReference; lastKnownFileType = sourcecode.swift; path = AbstractFactoryProtocol.swift; sourceTree = "<group>"; };
		A18628192993AD2200DA2557 /* BedProductsFactory.swift */ = {isa = PBXFileReference; lastKnownFileType = sourcecode.swift; path = BedProductsFactory.swift; sourceTree = "<group>"; };
		A186281B2993AF9B00DA2557 /* KitchenProductsFuctory.swift */ = {isa = PBXFileReference; lastKnownFileType = sourcecode.swift; path = KitchenProductsFuctory.swift; sourceTree = "<group>"; };
		A186281D2993B02100DA2557 /* BedForKitchen.swift */ = {isa = PBXFileReference; lastKnownFileType = sourcecode.swift; path = BedForKitchen.swift; sourceTree = "<group>"; };
/* End PBXFileReference section */

/* Begin PBXFrameworksBuildPhase section */
		A151AF4A2987BE05000DA59A /* Frameworks */ = {
			isa = PBXFrameworksBuildPhase;
			buildActionMask = 2147483647;
			files = (
			);
			runOnlyForDeploymentPostprocessing = 0;
		};
/* End PBXFrameworksBuildPhase section */

/* Begin PBXGroup section */
		A151AF442987BE05000DA59A = {
			isa = PBXGroup;
			children = (
				A151AF4F2987BE05000DA59A /* DesignPatternsSamples */,
				A151AF4E2987BE05000DA59A /* Products */,
			);
			sourceTree = "<group>";
		};
		A151AF4E2987BE05000DA59A /* Products */ = {
			isa = PBXGroup;
			children = (
				A151AF4D2987BE05000DA59A /* DesignPatternsSamples.app */,
			);
			name = Products;
			sourceTree = "<group>";
		};
		A151AF4F2987BE05000DA59A /* DesignPatternsSamples */ = {
			isa = PBXGroup;
			children = (
				A151AF502987BE05000DA59A /* AppDelegate.swift */,
				A151AF522987BE05000DA59A /* SceneDelegate.swift */,
				A151AF642987C741000DA59A /* Singletone */,
				A16AD2DB29891E9A009D3265 /* FactoryMethod */,
				A18627FF29939E5300DA2557 /* AbstractFactory */,
				A151AF562987BE05000DA59A /* Main.storyboard */,
				A151AF592987BE06000DA59A /* Assets.xcassets */,
				A151AF5B2987BE06000DA59A /* LaunchScreen.storyboard */,
				A151AF5E2987BE06000DA59A /* Info.plist */,
			);
			path = DesignPatternsSamples;
			sourceTree = "<group>";
		};
		A151AF642987C741000DA59A /* Singletone */ = {
			isa = PBXGroup;
			children = (
				A151AF542987BE05000DA59A /* SingletoneViewController.swift */,
				A151AF652987C794000DA59A /* AppSettings.swift */,
			);
			path = Singletone;
			sourceTree = "<group>";
		};
		A16AD2DB29891E9A009D3265 /* FactoryMethod */ = {
			isa = PBXGroup;
			children = (
				A16AD2E629892BBF009D3265 /* FactoryViewController.swift */,
				A16AD2E529892A4C009D3265 /* Factory */,
				A16AD2E229892497009D3265 /* Exercise */,
			);
			path = FactoryMethod;
			sourceTree = "<group>";
		};
		A16AD2E229892497009D3265 /* Exercise */ = {
			isa = PBXGroup;
			children = (
				A16AD2DC29891ECA009D3265 /* ExerciseProtocol.swift */,
				A16AD2DE298920DD009D3265 /* Jumping.swift */,
				A16AD2E0298922E9009D3265 /* Squatting.swift */,
			);
			path = Exercise;
			sourceTree = "<group>";
		};
		A16AD2E529892A4C009D3265 /* Factory */ = {
			isa = PBXGroup;
			children = (
				A16AD2E3298924EE009D3265 /* FactoryExercises.swift */,
			);
			path = Factory;
			sourceTree = "<group>";
		};
		A18627FF29939E5300DA2557 /* AbstractFactory */ = {
			isa = PBXGroup;
			children = (
				A186280029939F9A00DA2557 /* AbstractFactoryViewController.swift */,
				A18628152993AB0200DA2557 /* AbstractFactoriesProtocols */,
				A18628182993ACC400DA2557 /* AbstractFactories */,
				A18628022993A37A00DA2557 /* ProductsProtocols */,
				A18628092993A5DF00DA2557 /* KitchenProducts */,
				A186280A2993A5FD00DA2557 /* BedroomProducts */,
			);
			path = AbstractFactory;
			sourceTree = "<group>";
		};
		A18628022993A37A00DA2557 /* ProductsProtocols */ = {
			isa = PBXGroup;
			children = (
				A18628032993A3AE00DA2557 /* ChairProtocol.swift */,
				A18628052993A46C00DA2557 /* BedProtocol.swift */,
				A18628072993A4B600DA2557 /* TableProtocol.swift */,
			);
			path = ProductsProtocols;
			sourceTree = "<group>";
		};
		A18628092993A5DF00DA2557 /* KitchenProducts */ = {
			isa = PBXGroup;
			children = (
				A18628112993A93700DA2557 /* ChairKitchen.swift */,
				A18628132993A96F00DA2557 /* TableKitchen.swift */,
				A186281D2993B02100DA2557 /* BedForKitchen.swift */,
			);
			path = KitchenProducts;
			sourceTree = "<group>";
		};
		A186280A2993A5FD00DA2557 /* BedroomProducts */ = {
			isa = PBXGroup;
			children = (
				A186280B2993A67100DA2557 /* ChairBadroom.swift */,
				A186280D2993A72C00DA2557 /* TableBedroom.swift */,
				A186280F2993A8C400DA2557 /* BedForBedroom.swift */,
			);
			path = BedroomProducts;
			sourceTree = "<group>";
		};
		A18628152993AB0200DA2557 /* AbstractFactoriesProtocols */ = {
			isa = PBXGroup;
			children = (
				A18628162993AB8900DA2557 /* AbstractFactoryProtocol.swift */,
			);
			path = AbstractFactoriesProtocols;
			sourceTree = "<group>";
		};
		A18628182993ACC400DA2557 /* AbstractFactories */ = {
			isa = PBXGroup;
			children = (
				A18628192993AD2200DA2557 /* BedProductsFactory.swift */,
				A186281B2993AF9B00DA2557 /* KitchenProductsFuctory.swift */,
			);
			path = AbstractFactories;
			sourceTree = "<group>";
		};
/* End PBXGroup section */

/* Begin PBXNativeTarget section */
		A151AF4C2987BE05000DA59A /* DesignPatternsSamples */ = {
			isa = PBXNativeTarget;
			buildConfigurationList = A151AF612987BE06000DA59A /* Build configuration list for PBXNativeTarget "DesignPatternsSamples" */;
			buildPhases = (
				A151AF492987BE05000DA59A /* Sources */,
				A151AF4A2987BE05000DA59A /* Frameworks */,
				A151AF4B2987BE05000DA59A /* Resources */,
			);
			buildRules = (
			);
			dependencies = (
			);
			name = DesignPatternsSamples;
			productName = DesignPatternsSamples;
			productReference = A151AF4D2987BE05000DA59A /* DesignPatternsSamples.app */;
			productType = "com.apple.product-type.application";
		};
/* End PBXNativeTarget section */

/* Begin PBXProject section */
		A151AF452987BE05000DA59A /* Project object */ = {
			isa = PBXProject;
			attributes = {
				BuildIndependentTargetsInParallel = 1;
				LastSwiftUpdateCheck = 1400;
				LastUpgradeCheck = 1400;
				TargetAttributes = {
					A151AF4C2987BE05000DA59A = {
						CreatedOnToolsVersion = 14.0;
					};
				};
			};
			buildConfigurationList = A151AF482987BE05000DA59A /* Build configuration list for PBXProject "DesignPatternsSamples" */;
			compatibilityVersion = "Xcode 14.0";
			developmentRegion = en;
			hasScannedForEncodings = 0;
			knownRegions = (
				en,
				Base,
			);
			mainGroup = A151AF442987BE05000DA59A;
			productRefGroup = A151AF4E2987BE05000DA59A /* Products */;
			projectDirPath = "";
			projectRoot = "";
			targets = (
				A151AF4C2987BE05000DA59A /* DesignPatternsSamples */,
			);
		};
/* End PBXProject section */

/* Begin PBXResourcesBuildPhase section */
		A151AF4B2987BE05000DA59A /* Resources */ = {
			isa = PBXResourcesBuildPhase;
			buildActionMask = 2147483647;
			files = (
				A151AF5D2987BE06000DA59A /* LaunchScreen.storyboard in Resources */,
				A151AF5A2987BE06000DA59A /* Assets.xcassets in Resources */,
				A151AF582987BE05000DA59A /* Main.storyboard in Resources */,
			);
			runOnlyForDeploymentPostprocessing = 0;
		};
/* End PBXResourcesBuildPhase section */

/* Begin PBXSourcesBuildPhase section */
		A151AF492987BE05000DA59A /* Sources */ = {
			isa = PBXSourcesBuildPhase;
			buildActionMask = 2147483647;
			files = (
				A16AD2DD29891ECA009D3265 /* ExerciseProtocol.swift in Sources */,
				A18628142993A96F00DA2557 /* TableKitchen.swift in Sources */,
				A18628172993AB8900DA2557 /* AbstractFactoryProtocol.swift in Sources */,
				A18628062993A46C00DA2557 /* BedProtocol.swift in Sources */,
				A18628042993A3AE00DA2557 /* ChairProtocol.swift in Sources */,
				A186280E2993A72C00DA2557 /* TableBedroom.swift in Sources */,
				A151AF552987BE05000DA59A /* SingletoneViewController.swift in Sources */,
				A16AD2E729892BBF009D3265 /* FactoryViewController.swift in Sources */,
				A186280129939F9A00DA2557 /* AbstractFactoryViewController.swift in Sources */,
				A186280C2993A67100DA2557 /* ChairBadroom.swift in Sources */,
				A186281E2993B02100DA2557 /* BedForKitchen.swift in Sources */,
				A18628102993A8C400DA2557 /* BedForBedroom.swift in Sources */,
				A16AD2E1298922E9009D3265 /* Squatting.swift in Sources */,
				A186281A2993AD2200DA2557 /* BedProductsFactory.swift in Sources */,
				A16AD2DF298920DD009D3265 /* Jumping.swift in Sources */,
				A186281C2993AF9B00DA2557 /* KitchenProductsFuctory.swift in Sources */,
				A16AD2E4298924EE009D3265 /* FactoryExercises.swift in Sources */,
				A151AF512987BE05000DA59A /* AppDelegate.swift in Sources */,
				A18628082993A4B600DA2557 /* TableProtocol.swift in Sources */,
				A18628122993A93700DA2557 /* ChairKitchen.swift in Sources */,
				A151AF662987C794000DA59A /* AppSettings.swift in Sources */,
				A151AF532987BE05000DA59A /* SceneDelegate.swift in Sources */,
			);
			runOnlyForDeploymentPostprocessing = 0;
		};
/* End PBXSourcesBuildPhase section */

/* Begin PBXVariantGroup section */
		A151AF562987BE05000DA59A /* Main.storyboard */ = {
			isa = PBXVariantGroup;
			children = (
				A151AF572987BE05000DA59A /* Base */,
			);
			name = Main.storyboard;
			sourceTree = "<group>";
		};
		A151AF5B2987BE06000DA59A /* LaunchScreen.storyboard */ = {
			isa = PBXVariantGroup;
			children = (
				A151AF5C2987BE06000DA59A /* Base */,
			);
			name = LaunchScreen.storyboard;
			sourceTree = "<group>";
		};
/* End PBXVariantGroup section */

/* Begin XCBuildConfiguration section */
		A151AF5F2987BE06000DA59A /* Debug */ = {
			isa = XCBuildConfiguration;
			buildSettings = {
				ALWAYS_SEARCH_USER_PATHS = NO;
				CLANG_ANALYZER_NONNULL = YES;
				CLANG_ANALYZER_NUMBER_OBJECT_CONVERSION = YES_AGGRESSIVE;
				CLANG_CXX_LANGUAGE_STANDARD = "gnu++20";
				CLANG_ENABLE_MODULES = YES;
				CLANG_ENABLE_OBJC_ARC = YES;
				CLANG_ENABLE_OBJC_WEAK = YES;
				CLANG_WARN_BLOCK_CAPTURE_AUTORELEASING = YES;
				CLANG_WARN_BOOL_CONVERSION = YES;
				CLANG_WARN_COMMA = YES;
				CLANG_WARN_CONSTANT_CONVERSION = YES;
				CLANG_WARN_DEPRECATED_OBJC_IMPLEMENTATIONS = YES;
				CLANG_WARN_DIRECT_OBJC_ISA_USAGE = YES_ERROR;
				CLANG_WARN_DOCUMENTATION_COMMENTS = YES;
				CLANG_WARN_EMPTY_BODY = YES;
				CLANG_WARN_ENUM_CONVERSION = YES;
				CLANG_WARN_INFINITE_RECURSION = YES;
				CLANG_WARN_INT_CONVERSION = YES;
				CLANG_WARN_NON_LITERAL_NULL_CONVERSION = YES;
				CLANG_WARN_OBJC_IMPLICIT_RETAIN_SELF = YES;
				CLANG_WARN_OBJC_LITERAL_CONVERSION = YES;
				CLANG_WARN_OBJC_ROOT_CLASS = YES_ERROR;
				CLANG_WARN_QUOTED_INCLUDE_IN_FRAMEWORK_HEADER = YES;
				CLANG_WARN_RANGE_LOOP_ANALYSIS = YES;
				CLANG_WARN_STRICT_PROTOTYPES = YES;
				CLANG_WARN_SUSPICIOUS_MOVE = YES;
				CLANG_WARN_UNGUARDED_AVAILABILITY = YES_AGGRESSIVE;
				CLANG_WARN_UNREACHABLE_CODE = YES;
				CLANG_WARN__DUPLICATE_METHOD_MATCH = YES;
				COPY_PHASE_STRIP = NO;
				DEBUG_INFORMATION_FORMAT = dwarf;
				ENABLE_STRICT_OBJC_MSGSEND = YES;
				ENABLE_TESTABILITY = YES;
				GCC_C_LANGUAGE_STANDARD = gnu11;
				GCC_DYNAMIC_NO_PIC = NO;
				GCC_NO_COMMON_BLOCKS = YES;
				GCC_OPTIMIZATION_LEVEL = 0;
				GCC_PREPROCESSOR_DEFINITIONS = (
					"DEBUG=1",
					"$(inherited)",
				);
				GCC_WARN_64_TO_32_BIT_CONVERSION = YES;
				GCC_WARN_ABOUT_RETURN_TYPE = YES_ERROR;
				GCC_WARN_UNDECLARED_SELECTOR = YES;
				GCC_WARN_UNINITIALIZED_AUTOS = YES_AGGRESSIVE;
				GCC_WARN_UNUSED_FUNCTION = YES;
				GCC_WARN_UNUSED_VARIABLE = YES;
				IPHONEOS_DEPLOYMENT_TARGET = 16.0;
				MTL_ENABLE_DEBUG_INFO = INCLUDE_SOURCE;
				MTL_FAST_MATH = YES;
				ONLY_ACTIVE_ARCH = YES;
				SDKROOT = iphoneos;
				SWIFT_ACTIVE_COMPILATION_CONDITIONS = DEBUG;
				SWIFT_OPTIMIZATION_LEVEL = "-Onone";
			};
			name = Debug;
		};
		A151AF602987BE06000DA59A /* Release */ = {
			isa = XCBuildConfiguration;
			buildSettings = {
				ALWAYS_SEARCH_USER_PATHS = NO;
				CLANG_ANALYZER_NONNULL = YES;
				CLANG_ANALYZER_NUMBER_OBJECT_CONVERSION = YES_AGGRESSIVE;
				CLANG_CXX_LANGUAGE_STANDARD = "gnu++20";
				CLANG_ENABLE_MODULES = YES;
				CLANG_ENABLE_OBJC_ARC = YES;
				CLANG_ENABLE_OBJC_WEAK = YES;
				CLANG_WARN_BLOCK_CAPTURE_AUTORELEASING = YES;
				CLANG_WARN_BOOL_CONVERSION = YES;
				CLANG_WARN_COMMA = YES;
				CLANG_WARN_CONSTANT_CONVERSION = YES;
				CLANG_WARN_DEPRECATED_OBJC_IMPLEMENTATIONS = YES;
				CLANG_WARN_DIRECT_OBJC_ISA_USAGE = YES_ERROR;
				CLANG_WARN_DOCUMENTATION_COMMENTS = YES;
				CLANG_WARN_EMPTY_BODY = YES;
				CLANG_WARN_ENUM_CONVERSION = YES;
				CLANG_WARN_INFINITE_RECURSION = YES;
				CLANG_WARN_INT_CONVERSION = YES;
				CLANG_WARN_NON_LITERAL_NULL_CONVERSION = YES;
				CLANG_WARN_OBJC_IMPLICIT_RETAIN_SELF = YES;
				CLANG_WARN_OBJC_LITERAL_CONVERSION = YES;
				CLANG_WARN_OBJC_ROOT_CLASS = YES_ERROR;
				CLANG_WARN_QUOTED_INCLUDE_IN_FRAMEWORK_HEADER = YES;
				CLANG_WARN_RANGE_LOOP_ANALYSIS = YES;
				CLANG_WARN_STRICT_PROTOTYPES = YES;
				CLANG_WARN_SUSPICIOUS_MOVE = YES;
				CLANG_WARN_UNGUARDED_AVAILABILITY = YES_AGGRESSIVE;
				CLANG_WARN_UNREACHABLE_CODE = YES;
				CLANG_WARN__DUPLICATE_METHOD_MATCH = YES;
				COPY_PHASE_STRIP = NO;
				DEBUG_INFORMATION_FORMAT = "dwarf-with-dsym";
				ENABLE_NS_ASSERTIONS = NO;
				ENABLE_STRICT_OBJC_MSGSEND = YES;
				GCC_C_LANGUAGE_STANDARD = gnu11;
				GCC_NO_COMMON_BLOCKS = YES;
				GCC_WARN_64_TO_32_BIT_CONVERSION = YES;
				GCC_WARN_ABOUT_RETURN_TYPE = YES_ERROR;
				GCC_WARN_UNDECLARED_SELECTOR = YES;
				GCC_WARN_UNINITIALIZED_AUTOS = YES_AGGRESSIVE;
				GCC_WARN_UNUSED_FUNCTION = YES;
				GCC_WARN_UNUSED_VARIABLE = YES;
				IPHONEOS_DEPLOYMENT_TARGET = 16.0;
				MTL_ENABLE_DEBUG_INFO = NO;
				MTL_FAST_MATH = YES;
				SDKROOT = iphoneos;
				SWIFT_COMPILATION_MODE = wholemodule;
				SWIFT_OPTIMIZATION_LEVEL = "-O";
				VALIDATE_PRODUCT = YES;
			};
			name = Release;
		};
		A151AF622987BE06000DA59A /* Debug */ = {
			isa = XCBuildConfiguration;
			buildSettings = {
				ASSETCATALOG_COMPILER_APPICON_NAME = AppIcon;
				ASSETCATALOG_COMPILER_GLOBAL_ACCENT_COLOR_NAME = AccentColor;
				CODE_SIGN_STYLE = Automatic;
				CURRENT_PROJECT_VERSION = 1;
				DEVELOPMENT_TEAM = 43434K798H;
				GENERATE_INFOPLIST_FILE = YES;
				INFOPLIST_FILE = DesignPatternsSamples/Info.plist;
				INFOPLIST_KEY_UIApplicationSupportsIndirectInputEvents = YES;
				INFOPLIST_KEY_UILaunchStoryboardName = LaunchScreen;
				INFOPLIST_KEY_UIMainStoryboardFile = Main;
				INFOPLIST_KEY_UISupportedInterfaceOrientations_iPad = "UIInterfaceOrientationPortrait UIInterfaceOrientationPortraitUpsideDown UIInterfaceOrientationLandscapeLeft UIInterfaceOrientationLandscapeRight";
				INFOPLIST_KEY_UISupportedInterfaceOrientations_iPhone = "UIInterfaceOrientationPortrait UIInterfaceOrientationLandscapeLeft UIInterfaceOrientationLandscapeRight";
				LD_RUNPATH_SEARCH_PATHS = (
					"$(inherited)",
					"@executable_path/Frameworks",
				);
				MARKETING_VERSION = 1.0;
				PRODUCT_BUNDLE_IDENTIFIER = AndyPolDev.DesignPatternsSamples;
				PRODUCT_NAME = "$(TARGET_NAME)";
				SUPPORTED_PLATFORMS = "iphoneos iphonesimulator";
				SUPPORTS_MACCATALYST = NO;
				SUPPORTS_MAC_DESIGNED_FOR_IPHONE_IPAD = NO;
				SWIFT_EMIT_LOC_STRINGS = YES;
				SWIFT_VERSION = 5.0;
				TARGETED_DEVICE_FAMILY = "1,2";
			};
			name = Debug;
		};
		A151AF632987BE06000DA59A /* Release */ = {
			isa = XCBuildConfiguration;
			buildSettings = {
				ASSETCATALOG_COMPILER_APPICON_NAME = AppIcon;
				ASSETCATALOG_COMPILER_GLOBAL_ACCENT_COLOR_NAME = AccentColor;
				CODE_SIGN_STYLE = Automatic;
				CURRENT_PROJECT_VERSION = 1;
				DEVELOPMENT_TEAM = 43434K798H;
				GENERATE_INFOPLIST_FILE = YES;
				INFOPLIST_FILE = DesignPatternsSamples/Info.plist;
				INFOPLIST_KEY_UIApplicationSupportsIndirectInputEvents = YES;
				INFOPLIST_KEY_UILaunchStoryboardName = LaunchScreen;
				INFOPLIST_KEY_UIMainStoryboardFile = Main;
				INFOPLIST_KEY_UISupportedInterfaceOrientations_iPad = "UIInterfaceOrientationPortrait UIInterfaceOrientationPortraitUpsideDown UIInterfaceOrientationLandscapeLeft UIInterfaceOrientationLandscapeRight";
				INFOPLIST_KEY_UISupportedInterfaceOrientations_iPhone = "UIInterfaceOrientationPortrait UIInterfaceOrientationLandscapeLeft UIInterfaceOrientationLandscapeRight";
				LD_RUNPATH_SEARCH_PATHS = (
					"$(inherited)",
					"@executable_path/Frameworks",
				);
				MARKETING_VERSION = 1.0;
				PRODUCT_BUNDLE_IDENTIFIER = AndyPolDev.DesignPatternsSamples;
				PRODUCT_NAME = "$(TARGET_NAME)";
				SUPPORTED_PLATFORMS = "iphoneos iphonesimulator";
				SUPPORTS_MACCATALYST = NO;
				SUPPORTS_MAC_DESIGNED_FOR_IPHONE_IPAD = NO;
				SWIFT_EMIT_LOC_STRINGS = YES;
				SWIFT_VERSION = 5.0;
				TARGETED_DEVICE_FAMILY = "1,2";
			};
			name = Release;
		};
/* End XCBuildConfiguration section */

/* Begin XCConfigurationList section */
		A151AF482987BE05000DA59A /* Build configuration list for PBXProject "DesignPatternsSamples" */ = {
			isa = XCConfigurationList;
			buildConfigurations = (
				A151AF5F2987BE06000DA59A /* Debug */,
				A151AF602987BE06000DA59A /* Release */,
			);
			defaultConfigurationIsVisible = 0;
			defaultConfigurationName = Release;
		};
		A151AF612987BE06000DA59A /* Build configuration list for PBXNativeTarget "DesignPatternsSamples" */ = {
			isa = XCConfigurationList;
			buildConfigurations = (
				A151AF622987BE06000DA59A /* Debug */,
				A151AF632987BE06000DA59A /* Release */,
			);
			defaultConfigurationIsVisible = 0;
			defaultConfigurationName = Release;
		};
/* End XCConfigurationList section */
	};
	rootObject = A151AF452987BE05000DA59A /* Project object */;
}
